
Microsoft Visual Studio Solution File, Format Version 12.00
# Visual Studio 14
VisualStudioVersion = 14.0.25123.0
MinimumVisualStudioVersion = 10.0.40219.1
Project("{FAE04EC0-301F-11D3-BF4B-00C04F79EFBC}") = "B2B_Application ver. 1", "B2B_Application ver. 1\B2B_Application ver. 1.csproj", "{26621F23-D040-46D6-AF88-02FB6E59035D}"
EndProject
Project("{F088123C-0E9E-452A-89E6-6BA2F21D5CAC}") = "B2B_Layer", "B2B_Layer\B2B_Layer.modelproj", "{7A44089D-9DC2-4AC1-8108-E386C02D0B01}"
EndProject
Project("{FAE04EC0-301F-11D3-BF4B-00C04F79EFBC}") = "APA", "APA\APA.csproj", "{9521740A-741B-49AF-AAAE-8EC7E26318DD}"
EndProject
Project("{FAE04EC0-301F-11D3-BF4B-00C04F79EFBC}") = "Database", "Database\Database.csproj", "{85E7814B-A7B8-47BD-9EC0-A4CA78EA485C}"
EndProject
Global
	GlobalSection(SolutionConfigurationPlatforms) = preSolution
		Debug|Any CPU = Debug|Any CPU
		Debug|ARM = Debug|ARM
		Debug|x64 = Debug|x64
		Debug|x86 = Debug|x86
		Release|Any CPU = Release|Any CPU
		Release|ARM = Release|ARM
		Release|x64 = Release|x64
		Release|x86 = Release|x86
	EndGlobalSection
	GlobalSection(ProjectConfigurationPlatforms) = postSolution
		{26621F23-D040-46D6-AF88-02FB6E59035D}.Debug|Any CPU.ActiveCfg = Debug|x86
		{26621F23-D040-46D6-AF88-02FB6E59035D}.Debug|ARM.ActiveCfg = Debug|ARM
		{26621F23-D040-46D6-AF88-02FB6E59035D}.Debug|ARM.Build.0 = Debug|ARM
		{26621F23-D040-46D6-AF88-02FB6E59035D}.Debug|ARM.Deploy.0 = Debug|ARM
		{26621F23-D040-46D6-AF88-02FB6E59035D}.Debug|x64.ActiveCfg = Debug|x64
		{26621F23-D040-46D6-AF88-02FB6E59035D}.Debug|x64.Build.0 = Debug|x64
		{26621F23-D040-46D6-AF88-02FB6E59035D}.Debug|x64.Deploy.0 = Debug|x64
		{26621F23-D040-46D6-AF88-02FB6E59035D}.Debug|x86.ActiveCfg = Debug|x86
		{26621F23-D040-46D6-AF88-02FB6E59035D}.Debug|x86.Build.0 = Debug|x86
		{26621F23-D040-46D6-AF88-02FB6E59035D}.Debug|x86.Deploy.0 = Debug|x86
		{26621F23-D040-46D6-AF88-02FB6E59035D}.Release|Any CPU.ActiveCfg = Release|x86
		{26621F23-D040-46D6-AF88-02FB6E59035D}.Release|ARM.ActiveCfg = Release|ARM
		{26621F23-D040-46D6-AF88-02FB6E59035D}.Release|ARM.Build.0 = Release|ARM
		{26621F23-D040-46D6-AF88-02FB6E59035D}.Release|ARM.Deploy.0 = Release|ARM
		{26621F23-D040-46D6-AF88-02FB6E59035D}.Release|x64.ActiveCfg = Release|x64
		{26621F23-D040-46D6-AF88-02FB6E59035D}.Release|x64.Build.0 = Release|x64
		{26621F23-D040-46D6-AF88-02FB6E59035D}.Release|x64.Deploy.0 = Release|x64
		{26621F23-D040-46D6-AF88-02FB6E59035D}.Release|x86.ActiveCfg = Release|x86
		{26621F23-D040-46D6-AF88-02FB6E59035D}.Release|x86.Build.0 = Release|x86
		{26621F23-D040-46D6-AF88-02FB6E59035D}.Release|x86.Deploy.0 = Release|x86
		{7A44089D-9DC2-4AC1-8108-E386C02D0B01}.Debug|Any CPU.ActiveCfg = Debug|Any CPU
		{7A44089D-9DC2-4AC1-8108-E386C02D0B01}.Debug|Any CPU.Build.0 = Debug|Any CPU
		{7A44089D-9DC2-4AC1-8108-E386C02D0B01}.Debug|ARM.ActiveCfg = Debug|Any CPU
		{7A44089D-9DC2-4AC1-8108-E386C02D0B01}.Debug|ARM.Build.0 = Debug|Any CPU
		{7A44089D-9DC2-4AC1-8108-E386C02D0B01}.Debug|x64.ActiveCfg = Debug|Any CPU
		{7A44089D-9DC2-4AC1-8108-E386C02D0B01}.Debug|x64.Build.0 = Debug|Any CPU
		{7A44089D-9DC2-4AC1-8108-E386C02D0B01}.Debug|x86.ActiveCfg = Debug|Any CPU
		{7A44089D-9DC2-4AC1-8108-E386C02D0B01}.Debug|x86.Build.0 = Debug|Any CPU
		{7A44089D-9DC2-4AC1-8108-E386C02D0B01}.Release|Any CPU.ActiveCfg = Release|Any CPU
		{7A44089D-9DC2-4AC1-8108-E386C02D0B01}.Release|Any CPU.Build.0 = Release|Any CPU
		{7A44089D-9DC2-4AC1-8108-E386C02D0B01}.Release|ARM.ActiveCfg = Release|Any CPU
		{7A44089D-9DC2-4AC1-8108-E386C02D0B01}.Release|ARM.Build.0 = Release|Any CPU
		{7A44089D-9DC2-4AC1-8108-E386C02D0B01}.Release|x64.ActiveCfg = Release|Any CPU
		{7A44089D-9DC2-4AC1-8108-E386C02D0B01}.Release|x64.Build.0 = Release|Any CPU
		{7A44089D-9DC2-4AC1-8108-E386C02D0B01}.Release|x86.ActiveCfg = Release|Any CPU
		{7A44089D-9DC2-4AC1-8108-E386C02D0B01}.Release|x86.Build.0 = Release|Any CPU
		{9521740A-741B-49AF-AAAE-8EC7E26318DD}.Debug|Any CPU.ActiveCfg = Debug|Any CPU
		{9521740A-741B-49AF-AAAE-8EC7E26318DD}.Debug|Any CPU.Build.0 = Debug|Any CPU
		{9521740A-741B-49AF-AAAE-8EC7E26318DD}.Debug|ARM.ActiveCfg = Debug|Any CPU
		{9521740A-741B-49AF-AAAE-8EC7E26318DD}.Debug|ARM.Build.0 = Debug|Any CPU
		{9521740A-741B-49AF-AAAE-8EC7E26318DD}.Debug|x64.ActiveCfg = Debug|Any CPU
		{9521740A-741B-49AF-AAAE-8EC7E26318DD}.Debug|x64.Build.0 = Debug|Any CPU
		{9521740A-741B-49AF-AAAE-8EC7E26318DD}.Debug|x86.ActiveCfg = Debug|Any CPU
		{9521740A-741B-49AF-AAAE-8EC7E26318DD}.Debug|x86.Build.0 = Debug|Any CPU
		{9521740A-741B-49AF-AAAE-8EC7E26318DD}.Release|Any CPU.ActiveCfg = Release|Any CPU
		{9521740A-741B-49AF-AAAE-8EC7E26318DD}.Release|Any CPU.Build.0 = Release|Any CPU
		{9521740A-741B-49AF-AAAE-8EC7E26318DD}.Release|ARM.ActiveCfg = Release|Any CPU
		{9521740A-741B-49AF-AAAE-8EC7E26318DD}.Release|ARM.Build.0 = Release|Any CPU
		{9521740A-741B-49AF-AAAE-8EC7E26318DD}.Release|x64.ActiveCfg = Release|Any CPU
		{9521740A-741B-49AF-AAAE-8EC7E26318DD}.Release|x64.Build.0 = Release|Any CPU
		{9521740A-741B-49AF-AAAE-8EC7E26318DD}.Release|x86.ActiveCfg = Release|Any CPU
		{9521740A-741B-49AF-AAAE-8EC7E26318DD}.Release|x86.Build.0 = Release|Any CPU
		{85E7814B-A7B8-47BD-9EC0-A4CA78EA485C}.Debug|Any CPU.ActiveCfg = Debug|Any CPU
		{85E7814B-A7B8-47BD-9EC0-A4CA78EA485C}.Debug|Any CPU.Build.0 = Debug|Any CPU
		{85E7814B-A7B8-47BD-9EC0-A4CA78EA485C}.Debug|ARM.ActiveCfg = Debug|Any CPU
		{85E7814B-A7B8-47BD-9EC0-A4CA78EA485C}.Debug|ARM.Build.0 = Debug|Any CPU
		{85E7814B-A7B8-47BD-9EC0-A4CA78EA485C}.Debug|x64.ActiveCfg = Debug|Any CPU
		{85E7814B-A7B8-47BD-9EC0-A4CA78EA485C}.Debug|x64.Build.0 = Debug|Any CPU
		{85E7814B-A7B8-47BD-9EC0-A4CA78EA485C}.Debug|x86.ActiveCfg = Debug|Any CPU
		{85E7814B-A7B8-47BD-9EC0-A4CA78EA485C}.Debug|x86.Build.0 = Debug|Any CPU
		{85E7814B-A7B8-47BD-9EC0-A4CA78EA485C}.Release|Any CPU.ActiveCfg = Release|Any CPU
		{85E7814B-A7B8-47BD-9EC0-A4CA78EA485C}.Release|Any CPU.Build.0 = Release|Any CPU
		{85E7814B-A7B8-47BD-9EC0-A4CA78EA485C}.Release|ARM.ActiveCfg = Release|Any CPU
		{85E7814B-A7B8-47BD-9EC0-A4CA78EA485C}.Release|ARM.Build.0 = Release|Any CPU
		{85E7814B-A7B8-47BD-9EC0-A4CA78EA485C}.Release|x64.ActiveCfg = Release|Any CPU
		{85E7814B-A7B8-47BD-9EC0-A4CA78EA485C}.Release|x64.Build.0 = Release|Any CPU
		{85E7814B-A7B8-47BD-9EC0-A4CA78EA485C}.Release|x86.ActiveCfg = Release|Any CPU
		{85E7814B-A7B8-47BD-9EC0-A4CA78EA485C}.Release|x86.Build.0 = Release|Any CPU
	EndGlobalSection
	GlobalSection(SolutionProperties) = preSolution
		HideSolutionNode = FALSE
	EndGlobalSection
EndGlobal
